
Microsoft Visual Studio Solution File, Format Version 12.00
# Visual Studio 15
VisualStudioVersion = 15.0.28307.421
MinimumVisualStudioVersion = 10.0.40219.1
Project("{9A19103F-16F7-4668-BE54-9A1E7A4F7556}") = "DemokratiskDialog", "DemokratiskDialog\DemokratiskDialog.csproj", "{5352FFB9-31DD-4BEF-8287-E88C4A8C3F0C}"
EndProject
Project("{9A19103F-16F7-4668-BE54-9A1E7A4F7556}") = "OAuth", "OAuth\OAuth.csproj", "{986DAE85-B521-4440-8EFD-3E2423010990}"
EndProject
Global
	GlobalSection(SolutionConfigurationPlatforms) = preSolution
		Debug|Any CPU = Debug|Any CPU
		Release|Any CPU = Release|Any CPU
	EndGlobalSection
	GlobalSection(ProjectConfigurationPlatforms) = postSolution
		{5352FFB9-31DD-4BEF-8287-E88C4A8C3F0C}.Debug|Any CPU.ActiveCfg = Debug|Any CPU
		{5352FFB9-31DD-4BEF-8287-E88C4A8C3F0C}.Debug|Any CPU.Build.0 = Debug|Any CPU
		{5352FFB9-31DD-4BEF-8287-E88C4A8C3F0C}.Release|Any CPU.ActiveCfg = Release|Any CPU
		{5352FFB9-31DD-4BEF-8287-E88C4A8C3F0C}.Release|Any CPU.Build.0 = Release|Any CPU
		{986DAE85-B521-4440-8EFD-3E2423010990}.Debug|Any CPU.ActiveCfg = Debug|Any CPU
		{986DAE85-B521-4440-8EFD-3E2423010990}.Debug|Any CPU.Build.0 = Debug|Any CPU
		{986DAE85-B521-4440-8EFD-3E2423010990}.Release|Any CPU.ActiveCfg = Release|Any CPU
		{986DAE85-B521-4440-8EFD-3E2423010990}.Release|Any CPU.Build.0 = Release|Any CPU
	EndGlobalSection
	GlobalSection(SolutionProperties) = preSolution
		HideSolutionNode = FALSE
	EndGlobalSection
	GlobalSection(ExtensibilityGlobals) = postSolution
		SolutionGuid = {AF55754D-E9CA-4C2C-B9BB-069596D95BFD}
	EndGlobalSection
EndGlobal
